
Microsoft Visual Studio Solution File, Format Version 12.00
# Visual Studio 15
VisualStudioVersion = 15.0.26730.12
MinimumVisualStudioVersion = 10.0.40219.1
Project("{FAE04EC0-301F-11D3-BF4B-00C04F79EFBC}") = "TBSWA", "TBSWA\TBSWA.csproj", "{CBDB013B-B39F-43CC-AD12-580B4C9927E3}"
EndProject
Project("{FAE04EC0-301F-11D3-BF4B-00C04F79EFBC}") = "TBSWS", "TBSWS\TBSWS.csproj", "{188929CE-EDC7-43AC-B9B6-1299774FDFB6}"
EndProject
Global
	GlobalSection(SolutionConfigurationPlatforms) = preSolution
		Debug|Any CPU = Debug|Any CPU
		Release|Any CPU = Release|Any CPU
	EndGlobalSection
	GlobalSection(ProjectConfigurationPlatforms) = postSolution
		{CBDB013B-B39F-43CC-AD12-580B4C9927E3}.Debug|Any CPU.ActiveCfg = Debug|Any CPU
		{CBDB013B-B39F-43CC-AD12-580B4C9927E3}.Debug|Any CPU.Build.0 = Debug|Any CPU
		{CBDB013B-B39F-43CC-AD12-580B4C9927E3}.Release|Any CPU.ActiveCfg = Release|Any CPU
		{CBDB013B-B39F-43CC-AD12-580B4C9927E3}.Release|Any CPU.Build.0 = Release|Any CPU
		{188929CE-EDC7-43AC-B9B6-1299774FDFB6}.Debug|Any CPU.ActiveCfg = Debug|Any CPU
		{188929CE-EDC7-43AC-B9B6-1299774FDFB6}.Debug|Any CPU.Build.0 = Debug|Any CPU
		{188929CE-EDC7-43AC-B9B6-1299774FDFB6}.Release|Any CPU.ActiveCfg = Release|Any CPU
		{188929CE-EDC7-43AC-B9B6-1299774FDFB6}.Release|Any CPU.Build.0 = Release|Any CPU
	EndGlobalSection
	GlobalSection(SolutionProperties) = preSolution
		HideSolutionNode = FALSE
	EndGlobalSection
	GlobalSection(ExtensibilityGlobals) = postSolution
		SolutionGuid = {EC7D3024-5600-4071-B447-568E71AA741C}
	EndGlobalSection
EndGlobal
